
Microsoft Visual Studio Solution File, Format Version 12.00
# Visual Studio Version 16
VisualStudioVersion = 16.0.30225.117
MinimumVisualStudioVersion = 10.0.40219.1
Project("{FAE04EC0-301F-11D3-BF4B-00C04F79EFBC}") = "BookStore-API", "BookStore-API.csproj", "{DB6C9F65-537C-46C8-9266-14978645E3A0}"
EndProject
Global
	GlobalSection(SolutionConfigurationPlatforms) = preSolution
		Debug|Any CPU = Debug|Any CPU
		Release|Any CPU = Release|Any CPU
	EndGlobalSection
	GlobalSection(ProjectConfigurationPlatforms) = postSolution
		{DB6C9F65-537C-46C8-9266-14978645E3A0}.Debug|Any CPU.ActiveCfg = Debug|Any CPU
		{DB6C9F65-537C-46C8-9266-14978645E3A0}.Debug|Any CPU.Build.0 = Debug|Any CPU
		{DB6C9F65-537C-46C8-9266-14978645E3A0}.Release|Any CPU.ActiveCfg = Release|Any CPU
		{DB6C9F65-537C-46C8-9266-14978645E3A0}.Release|Any CPU.Build.0 = Release|Any CPU
	EndGlobalSection
	GlobalSection(SolutionProperties) = preSolution
		HideSolutionNode = FALSE
	EndGlobalSection
	GlobalSection(ExtensibilityGlobals) = postSolution
		SolutionGuid = {19EAFC8B-CBAE-4D65-905A-37D1338AD866}
	EndGlobalSection
EndGlobal
